name: Bootstrap Flutter lockfile

on:
  push:
    branches: [agent/security-quality-cleanup]
  workflow_dispatch:

permissions:
  contents: read

jobs:
  lockfile:
    runs-on: ubuntu-latest
    steps:
      - uses: actions/checkout@34e114876b0b11c390a56381ad16ebd13914f8d5
        with:
          persist-credentials: false
      - uses: subosito/flutter-action@1a449444c387b1966244ae4d4f8c696479add0b2
        with:
          flutter-version: "3.44.6"
          channel: stable
          cache: true
      - run: flutter pub get
      - uses: actions/upload-artifact@ea165f8d65b6e75b540449e92b4886f43607fa02
        with:
          name: flutter-lockfile
          path: pubspec.lock
          if-no-files-found: error
          retention-days: 1
